
Microsoft Visual Studio Solution File, Format Version 12.00
# Visual Studio 15
VisualStudioVersion = 15.0.27004.2010
MinimumVisualStudioVersion = 10.0.40219.1
Project("{2150E333-8FDC-42A3-9474-1A3956D46DE8}") = "Application", "Application", "{1D70EC78-CF24-4E1B-BDDF-619F49119C9F}"
EndProject
Project("{2150E333-8FDC-42A3-9474-1A3956D46DE8}") = "Domain", "Domain", "{A6355D59-C90D-431B-8B1A-3B4E30340280}"
EndProject
Project("{2150E333-8FDC-42A3-9474-1A3956D46DE8}") = "Infrastructure", "Infrastructure", "{271267D5-1AE5-4747-8EBC-BB2D343BDEA6}"
EndProject
Project("{2150E333-8FDC-42A3-9474-1A3956D46DE8}") = "Tests", "Tests", "{00ECD7BB-E4F1-4A5A-B765-3999B0133CBF}"
EndProject
Project("{FAE04EC0-301F-11D3-BF4B-00C04F79EFBC}") = "ProjectManagement", "Domain\ProjectManagement\ProjectManagement.csproj", "{C3F94FDD-F4C4-45D5-B6B1-A91D3520CD1D}"
EndProject
Project("{FAE04EC0-301F-11D3-BF4B-00C04F79EFBC}") = "DataAccess", "Infrastructure\DataAccess\DataAccess.csproj", "{6E6BCA8C-2B4D-4867-AE47-64565E64357C}"
EndProject
Project("{FAE04EC0-301F-11D3-BF4B-00C04F79EFBC}") = "UserManagmentTests", "Tests\UserManagerTests\UserManagmentTests.csproj", "{267138B4-9EFC-4844-82E4-A8C8CA378FE1}"
	ProjectSection(ProjectDependencies) = postProject
		{D37500B8-386F-45FB-B3FB-D31C2B6EB124} = {D37500B8-386F-45FB-B3FB-D31C2B6EB124}
	EndProjectSection
EndProject
Project("{FAE04EC0-301F-11D3-BF4B-00C04F79EFBC}") = "UserPresentaton", "UserPresentaton\UserPresentaton.csproj", "{184FF097-9B8C-4236-8538-444F9DCCB564}"
EndProject
Project("{FAE04EC0-301F-11D3-BF4B-00C04F79EFBC}") = "NotificationService", "Domain\NotificationService\NotificationService.csproj", "{11A53A10-354F-4951-AA63-9E217AA0FBDD}"
	ProjectSection(ProjectDependencies) = postProject
		{D37500B8-386F-45FB-B3FB-D31C2B6EB124} = {D37500B8-386F-45FB-B3FB-D31C2B6EB124}
	EndProjectSection
EndProject
Project("{FAE04EC0-301F-11D3-BF4B-00C04F79EFBC}") = "UserManagement", "Domain\UserManagement\UserManagement.csproj", "{56B90624-417A-4998-83C8-68A34DAE0AB0}"
EndProject
Project("{FAE04EC0-301F-11D3-BF4B-00C04F79EFBC}") = "DataAccessTests", "DataAccessTests\DataAccessTests.csproj", "{E450C91B-8FC5-41A2-AC96-F2D00A40295C}"
	ProjectSection(ProjectDependencies) = postProject
		{D37500B8-386F-45FB-B3FB-D31C2B6EB124} = {D37500B8-386F-45FB-B3FB-D31C2B6EB124}
	EndProjectSection
EndProject
Project("{FAE04EC0-301F-11D3-BF4B-00C04F79EFBC}") = "FrontendServices", "Application\FrontendServices\FrontendServices.csproj", "{24A32DCA-12AC-41DE-AA59-32736E4E3530}"
EndProject
Project("{FAE04EC0-301F-11D3-BF4B-00C04F79EFBC}") = "ProjectManagementTests", "ProjectManagementTests\ProjectManagementTests.csproj", "{19421060-E0D2-41BF-B4AA-D405C03E924F}"
EndProject
Project("{FAE04EC0-301F-11D3-BF4B-00C04F79EFBC}") = "Mailing", "Mailing\Mailing.csproj", "{B2881AD8-9B31-4741-A0B0-36CC210FDBDB}"
EndProject
Project("{FAE04EC0-301F-11D3-BF4B-00C04F79EFBC}") = "OrderManagment", "OrderManager\OrderManagment.csproj", "{590545C7-8872-4A3C-8E98-C6F0AE96C23E}"
EndProject
Project("{FAE04EC0-301F-11D3-BF4B-00C04F79EFBC}") = "Common", "Common\Common.csproj", "{D37500B8-386F-45FB-B3FB-D31C2B6EB124}"
EndProject
Project("{FAE04EC0-301F-11D3-BF4B-00C04F79EFBC}") = "OrderManagmentTests", "OrderManagmentTests\OrderManagmentTests.csproj", "{91FAFC07-3CAF-4B23-B3D2-CE06D626F4BA}"
EndProject
Project("{FAE04EC0-301F-11D3-BF4B-00C04F79EFBC}") = "CommonTests", "CommonTests\CommonTests.csproj", "{A31FA659-8F2F-454B-ADFB-2725F07DE638}"
EndProject
Project("{FAE04EC0-301F-11D3-BF4B-00C04F79EFBC}") = "FilesManagement", "Infrastructure\FilesManagement\FilesManagement.csproj", "{40415DF3-C945-4695-81DF-0E1670E1787A}"
EndProject
Project("{FAE04EC0-301F-11D3-BF4B-00C04F79EFBC}") = "UserPresentationTests", "UserPresentationTests\UserPresentationTests.csproj", "{A9096359-2D86-4C93-B34D-B6F4A21D0F9E}"
EndProject
Project("{FAE04EC0-301F-11D3-BF4B-00C04F79EFBC}") = "ContactContext", "Domain\ContactContext\ContactContext.csproj", "{3C995E20-5C8D-4091-8B11-C752AA06300F}"
EndProject
Project("{FAE04EC0-301F-11D3-BF4B-00C04F79EFBC}") = "NotificationServiceTests", "Tests\NotificationServiceTests\NotificationServiceTests.csproj", "{24B23A7B-5FBC-4472-9A1A-428B52DE8006}"
EndProject
Project("{2150E333-8FDC-42A3-9474-1A3956D46DE8}") = "ExternalLibs", "ExternalLibs", "{7C1ADC82-4702-4505-9BEC-73CBCF6EA14B}"
	ProjectSection(SolutionItems) = preProject
		ExternalLibs\NGitLab.dll = ExternalLibs\NGitLab.dll
	EndProjectSection
EndProject
Project("{FAE04EC0-301F-11D3-BF4B-00C04F79EFBC}") = "IntegrationControllerTests", "Tests\IntegrationControllerTests\IntegrationControllerTests.csproj", "{2DA0A234-D982-464F-8FB5-D0A520E36E26}"
EndProject
Global
	GlobalSection(SolutionConfigurationPlatforms) = preSolution
		Debug|Any CPU = Debug|Any CPU
		Release|Any CPU = Release|Any CPU
	EndGlobalSection
	GlobalSection(ProjectConfigurationPlatforms) = postSolution
		{C3F94FDD-F4C4-45D5-B6B1-A91D3520CD1D}.Debug|Any CPU.ActiveCfg = Debug|Any CPU
		{C3F94FDD-F4C4-45D5-B6B1-A91D3520CD1D}.Debug|Any CPU.Build.0 = Debug|Any CPU
		{C3F94FDD-F4C4-45D5-B6B1-A91D3520CD1D}.Release|Any CPU.ActiveCfg = Release|Any CPU
		{C3F94FDD-F4C4-45D5-B6B1-A91D3520CD1D}.Release|Any CPU.Build.0 = Release|Any CPU
		{6E6BCA8C-2B4D-4867-AE47-64565E64357C}.Debug|Any CPU.ActiveCfg = Debug|Any CPU
		{6E6BCA8C-2B4D-4867-AE47-64565E64357C}.Debug|Any CPU.Build.0 = Debug|Any CPU
		{6E6BCA8C-2B4D-4867-AE47-64565E64357C}.Release|Any CPU.ActiveCfg = Release|Any CPU
		{6E6BCA8C-2B4D-4867-AE47-64565E64357C}.Release|Any CPU.Build.0 = Release|Any CPU
		{267138B4-9EFC-4844-82E4-A8C8CA378FE1}.Debug|Any CPU.ActiveCfg = Debug|Any CPU
		{267138B4-9EFC-4844-82E4-A8C8CA378FE1}.Debug|Any CPU.Build.0 = Debug|Any CPU
		{267138B4-9EFC-4844-82E4-A8C8CA378FE1}.Release|Any CPU.ActiveCfg = Release|Any CPU
		{267138B4-9EFC-4844-82E4-A8C8CA378FE1}.Release|Any CPU.Build.0 = Release|Any CPU
		{184FF097-9B8C-4236-8538-444F9DCCB564}.Debug|Any CPU.ActiveCfg = Debug|Any CPU
		{184FF097-9B8C-4236-8538-444F9DCCB564}.Debug|Any CPU.Build.0 = Debug|Any CPU
		{184FF097-9B8C-4236-8538-444F9DCCB564}.Release|Any CPU.ActiveCfg = Release|Any CPU
		{184FF097-9B8C-4236-8538-444F9DCCB564}.Release|Any CPU.Build.0 = Release|Any CPU
		{11A53A10-354F-4951-AA63-9E217AA0FBDD}.Debug|Any CPU.ActiveCfg = Debug|Any CPU
		{11A53A10-354F-4951-AA63-9E217AA0FBDD}.Debug|Any CPU.Build.0 = Debug|Any CPU
		{11A53A10-354F-4951-AA63-9E217AA0FBDD}.Release|Any CPU.ActiveCfg = Release|Any CPU
		{11A53A10-354F-4951-AA63-9E217AA0FBDD}.Release|Any CPU.Build.0 = Release|Any CPU
		{56B90624-417A-4998-83C8-68A34DAE0AB0}.Debug|Any CPU.ActiveCfg = Debug|Any CPU
		{56B90624-417A-4998-83C8-68A34DAE0AB0}.Debug|Any CPU.Build.0 = Debug|Any CPU
		{56B90624-417A-4998-83C8-68A34DAE0AB0}.Release|Any CPU.ActiveCfg = Release|Any CPU
		{56B90624-417A-4998-83C8-68A34DAE0AB0}.Release|Any CPU.Build.0 = Release|Any CPU
		{E450C91B-8FC5-41A2-AC96-F2D00A40295C}.Debug|Any CPU.ActiveCfg = Debug|Any CPU
		{E450C91B-8FC5-41A2-AC96-F2D00A40295C}.Debug|Any CPU.Build.0 = Debug|Any CPU
		{E450C91B-8FC5-41A2-AC96-F2D00A40295C}.Release|Any CPU.ActiveCfg = Release|Any CPU
		{E450C91B-8FC5-41A2-AC96-F2D00A40295C}.Release|Any CPU.Build.0 = Release|Any CPU
		{24A32DCA-12AC-41DE-AA59-32736E4E3530}.Debug|Any CPU.ActiveCfg = Debug|Any CPU
		{24A32DCA-12AC-41DE-AA59-32736E4E3530}.Debug|Any CPU.Build.0 = Debug|Any CPU
		{24A32DCA-12AC-41DE-AA59-32736E4E3530}.Release|Any CPU.ActiveCfg = Release|Any CPU
		{24A32DCA-12AC-41DE-AA59-32736E4E3530}.Release|Any CPU.Build.0 = Release|Any CPU
		{19421060-E0D2-41BF-B4AA-D405C03E924F}.Debug|Any CPU.ActiveCfg = Debug|Any CPU
		{19421060-E0D2-41BF-B4AA-D405C03E924F}.Debug|Any CPU.Build.0 = Debug|Any CPU
		{19421060-E0D2-41BF-B4AA-D405C03E924F}.Release|Any CPU.ActiveCfg = Release|Any CPU
		{19421060-E0D2-41BF-B4AA-D405C03E924F}.Release|Any CPU.Build.0 = Release|Any CPU
		{B2881AD8-9B31-4741-A0B0-36CC210FDBDB}.Debug|Any CPU.ActiveCfg = Debug|Any CPU
		{B2881AD8-9B31-4741-A0B0-36CC210FDBDB}.Debug|Any CPU.Build.0 = Debug|Any CPU
		{B2881AD8-9B31-4741-A0B0-36CC210FDBDB}.Release|Any CPU.ActiveCfg = Release|Any CPU
		{B2881AD8-9B31-4741-A0B0-36CC210FDBDB}.Release|Any CPU.Build.0 = Release|Any CPU
		{590545C7-8872-4A3C-8E98-C6F0AE96C23E}.Debug|Any CPU.ActiveCfg = Debug|Any CPU
		{590545C7-8872-4A3C-8E98-C6F0AE96C23E}.Debug|Any CPU.Build.0 = Debug|Any CPU
		{590545C7-8872-4A3C-8E98-C6F0AE96C23E}.Release|Any CPU.ActiveCfg = Release|Any CPU
		{590545C7-8872-4A3C-8E98-C6F0AE96C23E}.Release|Any CPU.Build.0 = Release|Any CPU
		{D37500B8-386F-45FB-B3FB-D31C2B6EB124}.Debug|Any CPU.ActiveCfg = Debug|Any CPU
		{D37500B8-386F-45FB-B3FB-D31C2B6EB124}.Debug|Any CPU.Build.0 = Debug|Any CPU
		{D37500B8-386F-45FB-B3FB-D31C2B6EB124}.Release|Any CPU.ActiveCfg = Release|Any CPU
		{D37500B8-386F-45FB-B3FB-D31C2B6EB124}.Release|Any CPU.Build.0 = Release|Any CPU
		{91FAFC07-3CAF-4B23-B3D2-CE06D626F4BA}.Debug|Any CPU.ActiveCfg = Debug|Any CPU
		{91FAFC07-3CAF-4B23-B3D2-CE06D626F4BA}.Debug|Any CPU.Build.0 = Debug|Any CPU
		{91FAFC07-3CAF-4B23-B3D2-CE06D626F4BA}.Release|Any CPU.ActiveCfg = Release|Any CPU
		{91FAFC07-3CAF-4B23-B3D2-CE06D626F4BA}.Release|Any CPU.Build.0 = Release|Any CPU
		{A31FA659-8F2F-454B-ADFB-2725F07DE638}.Debug|Any CPU.ActiveCfg = Debug|Any CPU
		{A31FA659-8F2F-454B-ADFB-2725F07DE638}.Debug|Any CPU.Build.0 = Debug|Any CPU
		{A31FA659-8F2F-454B-ADFB-2725F07DE638}.Release|Any CPU.ActiveCfg = Release|Any CPU
		{A31FA659-8F2F-454B-ADFB-2725F07DE638}.Release|Any CPU.Build.0 = Release|Any CPU
		{40415DF3-C945-4695-81DF-0E1670E1787A}.Debug|Any CPU.ActiveCfg = Debug|Any CPU
		{40415DF3-C945-4695-81DF-0E1670E1787A}.Debug|Any CPU.Build.0 = Debug|Any CPU
		{40415DF3-C945-4695-81DF-0E1670E1787A}.Release|Any CPU.ActiveCfg = Release|Any CPU
		{40415DF3-C945-4695-81DF-0E1670E1787A}.Release|Any CPU.Build.0 = Release|Any CPU
		{A9096359-2D86-4C93-B34D-B6F4A21D0F9E}.Debug|Any CPU.ActiveCfg = Debug|Any CPU
		{A9096359-2D86-4C93-B34D-B6F4A21D0F9E}.Debug|Any CPU.Build.0 = Debug|Any CPU
		{A9096359-2D86-4C93-B34D-B6F4A21D0F9E}.Release|Any CPU.ActiveCfg = Release|Any CPU
		{A9096359-2D86-4C93-B34D-B6F4A21D0F9E}.Release|Any CPU.Build.0 = Release|Any CPU
		{3C995E20-5C8D-4091-8B11-C752AA06300F}.Debug|Any CPU.ActiveCfg = Debug|Any CPU
		{3C995E20-5C8D-4091-8B11-C752AA06300F}.Debug|Any CPU.Build.0 = Debug|Any CPU
		{3C995E20-5C8D-4091-8B11-C752AA06300F}.Release|Any CPU.ActiveCfg = Release|Any CPU
		{3C995E20-5C8D-4091-8B11-C752AA06300F}.Release|Any CPU.Build.0 = Release|Any CPU
		{24B23A7B-5FBC-4472-9A1A-428B52DE8006}.Debug|Any CPU.ActiveCfg = Debug|Any CPU
		{24B23A7B-5FBC-4472-9A1A-428B52DE8006}.Debug|Any CPU.Build.0 = Debug|Any CPU
		{24B23A7B-5FBC-4472-9A1A-428B52DE8006}.Release|Any CPU.ActiveCfg = Release|Any CPU
		{24B23A7B-5FBC-4472-9A1A-428B52DE8006}.Release|Any CPU.Build.0 = Release|Any CPU
		{2DA0A234-D982-464F-8FB5-D0A520E36E26}.Debug|Any CPU.ActiveCfg = Debug|Any CPU
		{2DA0A234-D982-464F-8FB5-D0A520E36E26}.Debug|Any CPU.Build.0 = Debug|Any CPU
		{2DA0A234-D982-464F-8FB5-D0A520E36E26}.Release|Any CPU.ActiveCfg = Release|Any CPU
		{2DA0A234-D982-464F-8FB5-D0A520E36E26}.Release|Any CPU.Build.0 = Release|Any CPU
	EndGlobalSection
	GlobalSection(SolutionProperties) = preSolution
		HideSolutionNode = FALSE
	EndGlobalSection
	GlobalSection(NestedProjects) = preSolution
		{C3F94FDD-F4C4-45D5-B6B1-A91D3520CD1D} = {A6355D59-C90D-431B-8B1A-3B4E30340280}
		{6E6BCA8C-2B4D-4867-AE47-64565E64357C} = {271267D5-1AE5-4747-8EBC-BB2D343BDEA6}
		{267138B4-9EFC-4844-82E4-A8C8CA378FE1} = {00ECD7BB-E4F1-4A5A-B765-3999B0133CBF}
		{184FF097-9B8C-4236-8538-444F9DCCB564} = {A6355D59-C90D-431B-8B1A-3B4E30340280}
		{11A53A10-354F-4951-AA63-9E217AA0FBDD} = {A6355D59-C90D-431B-8B1A-3B4E30340280}
		{56B90624-417A-4998-83C8-68A34DAE0AB0} = {A6355D59-C90D-431B-8B1A-3B4E30340280}
		{E450C91B-8FC5-41A2-AC96-F2D00A40295C} = {00ECD7BB-E4F1-4A5A-B765-3999B0133CBF}
		{24A32DCA-12AC-41DE-AA59-32736E4E3530} = {1D70EC78-CF24-4E1B-BDDF-619F49119C9F}
		{19421060-E0D2-41BF-B4AA-D405C03E924F} = {00ECD7BB-E4F1-4A5A-B765-3999B0133CBF}
		{B2881AD8-9B31-4741-A0B0-36CC210FDBDB} = {271267D5-1AE5-4747-8EBC-BB2D343BDEA6}
		{590545C7-8872-4A3C-8E98-C6F0AE96C23E} = {A6355D59-C90D-431B-8B1A-3B4E30340280}
		{91FAFC07-3CAF-4B23-B3D2-CE06D626F4BA} = {00ECD7BB-E4F1-4A5A-B765-3999B0133CBF}
		{A31FA659-8F2F-454B-ADFB-2725F07DE638} = {00ECD7BB-E4F1-4A5A-B765-3999B0133CBF}
		{40415DF3-C945-4695-81DF-0E1670E1787A} = {271267D5-1AE5-4747-8EBC-BB2D343BDEA6}
		{A9096359-2D86-4C93-B34D-B6F4A21D0F9E} = {00ECD7BB-E4F1-4A5A-B765-3999B0133CBF}
		{3C995E20-5C8D-4091-8B11-C752AA06300F} = {A6355D59-C90D-431B-8B1A-3B4E30340280}
		{24B23A7B-5FBC-4472-9A1A-428B52DE8006} = {00ECD7BB-E4F1-4A5A-B765-3999B0133CBF}
		{2DA0A234-D982-464F-8FB5-D0A520E36E26} = {00ECD7BB-E4F1-4A5A-B765-3999B0133CBF}
	EndGlobalSection
	GlobalSection(ExtensibilityGlobals) = postSolution
		SolutionGuid = {6A2D8078-4E3C-485B-86AC-84567C94B7C8}
	EndGlobalSection
EndGlobal
